
Microsoft Visual Studio Solution File, Format Version 12.00
# Visual Studio Version 16
VisualStudioVersion = 16.0.30804.86
MinimumVisualStudioVersion = 10.0.40219.1
Project("{9A19103F-16F7-4668-BE54-9A1E7A4F7556}") = "zoft.TinyMvvmExtensions", "zoft.TinyMvvmExtensions\zoft.TinyMvvmExtensions.csproj", "{6C1EF502-CFE4-4759-892D-91B47A162763}"
EndProject
Project("{2150E333-8FDC-42A3-9474-1A3956D46DE8}") = "Solution Items", "Solution Items", "{44E37AF1-0ADE-48E1-924B-F79F6E073130}"
	ProjectSection(SolutionItems) = preProject
		..\Directory.build.props = ..\Directory.build.props
	EndProjectSection
EndProject
Project("{2150E333-8FDC-42A3-9474-1A3956D46DE8}") = "Samples", "Samples", "{66EF2D22-21F5-4E1C-8C64-9A4E7F22ECBB}"
EndProject
Project("{FAE04EC0-301F-11D3-BF4B-00C04F79EFBC}") = "ClassicForms.UWP", "Samples\ClassicForms\ClassicForms.UWP\ClassicForms.UWP.csproj", "{7BF119ED-4293-4B71-84CC-B4588C5D0C3F}"
EndProject
Project("{FAE04EC0-301F-11D3-BF4B-00C04F79EFBC}") = "ClassicForms.Android", "Samples\ClassicForms\ClassicForms.Android\ClassicForms.Android.csproj", "{9C37913F-D943-474F-A485-12F78A1768E2}"
EndProject
Project("{FAE04EC0-301F-11D3-BF4B-00C04F79EFBC}") = "ClassicForms.iOS", "Samples\ClassicForms\ClassicForms.iOS\ClassicForms.iOS.csproj", "{A3961351-96A9-4CB5-ACCC-F885220100CC}"
EndProject
Project("{9A19103F-16F7-4668-BE54-9A1E7A4F7556}") = "ClassicForms", "Samples\ClassicForms\ClassicForms\ClassicForms.csproj", "{401AB282-7B17-48BC-B79A-6A4D9A379F88}"
EndProject
Project("{FAE04EC0-301F-11D3-BF4B-00C04F79EFBC}") = "zoft.TinyMvvmExtensions.Forms", "zoft.TinyMvvmExtensions.Forms\zoft.TinyMvvmExtensions.Forms.csproj", "{21145761-C9B7-4BA5-8252-8BA92E4C3CC8}"
EndProject
Global
	GlobalSection(SolutionConfigurationPlatforms) = preSolution
		Debug|Any CPU = Debug|Any CPU
		Debug|ARM = Debug|ARM
		Debug|iPhone = Debug|iPhone
		Debug|iPhoneSimulator = Debug|iPhoneSimulator
		Debug|x64 = Debug|x64
		Debug|x86 = Debug|x86
		Release|Any CPU = Release|Any CPU
		Release|ARM = Release|ARM
		Release|iPhone = Release|iPhone
		Release|iPhoneSimulator = Release|iPhoneSimulator
		Release|x64 = Release|x64
		Release|x86 = Release|x86
	EndGlobalSection
	GlobalSection(ProjectConfigurationPlatforms) = postSolution
		{6C1EF502-CFE4-4759-892D-91B47A162763}.Debug|Any CPU.ActiveCfg = Debug|Any CPU
		{6C1EF502-CFE4-4759-892D-91B47A162763}.Debug|Any CPU.Build.0 = Debug|Any CPU
		{6C1EF502-CFE4-4759-892D-91B47A162763}.Debug|ARM.ActiveCfg = Debug|Any CPU
		{6C1EF502-CFE4-4759-892D-91B47A162763}.Debug|ARM.Build.0 = Debug|Any CPU
		{6C1EF502-CFE4-4759-892D-91B47A162763}.Debug|iPhone.ActiveCfg = Debug|Any CPU
		{6C1EF502-CFE4-4759-892D-91B47A162763}.Debug|iPhone.Build.0 = Debug|Any CPU
		{6C1EF502-CFE4-4759-892D-91B47A162763}.Debug|iPhoneSimulator.ActiveCfg = Debug|Any CPU
		{6C1EF502-CFE4-4759-892D-91B47A162763}.Debug|iPhoneSimulator.Build.0 = Debug|Any CPU
		{6C1EF502-CFE4-4759-892D-91B47A162763}.Debug|x64.ActiveCfg = Debug|Any CPU
		{6C1EF502-CFE4-4759-892D-91B47A162763}.Debug|x64.Build.0 = Debug|Any CPU
		{6C1EF502-CFE4-4759-892D-91B47A162763}.Debug|x86.ActiveCfg = Debug|Any CPU
		{6C1EF502-CFE4-4759-892D-91B47A162763}.Debug|x86.Build.0 = Debug|Any CPU
		{6C1EF502-CFE4-4759-892D-91B47A162763}.Release|Any CPU.ActiveCfg = Release|Any CPU
		{6C1EF502-CFE4-4759-892D-91B47A162763}.Release|Any CPU.Build.0 = Release|Any CPU
		{6C1EF502-CFE4-4759-892D-91B47A162763}.Release|ARM.ActiveCfg = Release|Any CPU
		{6C1EF502-CFE4-4759-892D-91B47A162763}.Release|ARM.Build.0 = Release|Any CPU
		{6C1EF502-CFE4-4759-892D-91B47A162763}.Release|iPhone.ActiveCfg = Release|Any CPU
		{6C1EF502-CFE4-4759-892D-91B47A162763}.Release|iPhone.Build.0 = Release|Any CPU
		{6C1EF502-CFE4-4759-892D-91B47A162763}.Release|iPhoneSimulator.ActiveCfg = Release|Any CPU
		{6C1EF502-CFE4-4759-892D-91B47A162763}.Release|iPhoneSimulator.Build.0 = Release|Any CPU
		{6C1EF502-CFE4-4759-892D-91B47A162763}.Release|x64.ActiveCfg = Release|Any CPU
		{6C1EF502-CFE4-4759-892D-91B47A162763}.Release|x64.Build.0 = Release|Any CPU
		{6C1EF502-CFE4-4759-892D-91B47A162763}.Release|x86.ActiveCfg = Release|Any CPU
		{6C1EF502-CFE4-4759-892D-91B47A162763}.Release|x86.Build.0 = Release|Any CPU
		{7BF119ED-4293-4B71-84CC-B4588C5D0C3F}.Debug|Any CPU.ActiveCfg = Debug|x86
		{7BF119ED-4293-4B71-84CC-B4588C5D0C3F}.Debug|Any CPU.Deploy.0 = Debug|x86
		{7BF119ED-4293-4B71-84CC-B4588C5D0C3F}.Debug|ARM.ActiveCfg = Debug|ARM
		{7BF119ED-4293-4B71-84CC-B4588C5D0C3F}.Debug|ARM.Build.0 = Debug|ARM
		{7BF119ED-4293-4B71-84CC-B4588C5D0C3F}.Debug|ARM.Deploy.0 = Debug|ARM
		{7BF119ED-4293-4B71-84CC-B4588C5D0C3F}.Debug|iPhone.ActiveCfg = Debug|x86
		{7BF119ED-4293-4B71-84CC-B4588C5D0C3F}.Debug|iPhoneSimulator.ActiveCfg = Debug|x86
		{7BF119ED-4293-4B71-84CC-B4588C5D0C3F}.Debug|x64.ActiveCfg = Debug|x64
		{7BF119ED-4293-4B71-84CC-B4588C5D0C3F}.Debug|x64.Build.0 = Debug|x64
		{7BF119ED-4293-4B71-84CC-B4588C5D0C3F}.Debug|x64.Deploy.0 = Debug|x64
		{7BF119ED-4293-4B71-84CC-B4588C5D0C3F}.Debug|x86.ActiveCfg = Debug|x86
		{7BF119ED-4293-4B71-84CC-B4588C5D0C3F}.Debug|x86.Build.0 = Debug|x86
		{7BF119ED-4293-4B71-84CC-B4588C5D0C3F}.Debug|x86.Deploy.0 = Debug|x86
		{7BF119ED-4293-4B71-84CC-B4588C5D0C3F}.Release|Any CPU.ActiveCfg = Release|x86
		{7BF119ED-4293-4B71-84CC-B4588C5D0C3F}.Release|ARM.ActiveCfg = Release|ARM
		{7BF119ED-4293-4B71-84CC-B4588C5D0C3F}.Release|ARM.Build.0 = Release|ARM
		{7BF119ED-4293-4B71-84CC-B4588C5D0C3F}.Release|ARM.Deploy.0 = Release|ARM
		{7BF119ED-4293-4B71-84CC-B4588C5D0C3F}.Release|iPhone.ActiveCfg = Release|x86
		{7BF119ED-4293-4B71-84CC-B4588C5D0C3F}.Release|iPhoneSimulator.ActiveCfg = Release|x86
		{7BF119ED-4293-4B71-84CC-B4588C5D0C3F}.Release|x64.ActiveCfg = Release|x64
		{7BF119ED-4293-4B71-84CC-B4588C5D0C3F}.Release|x64.Build.0 = Release|x64
		{7BF119ED-4293-4B71-84CC-B4588C5D0C3F}.Release|x64.Deploy.0 = Release|x64
		{7BF119ED-4293-4B71-84CC-B4588C5D0C3F}.Release|x86.ActiveCfg = Release|x86
		{7BF119ED-4293-4B71-84CC-B4588C5D0C3F}.Release|x86.Build.0 = Release|x86
		{7BF119ED-4293-4B71-84CC-B4588C5D0C3F}.Release|x86.Deploy.0 = Release|x86
		{9C37913F-D943-474F-A485-12F78A1768E2}.Debug|Any CPU.ActiveCfg = Debug|Any CPU
		{9C37913F-D943-474F-A485-12F78A1768E2}.Debug|ARM.ActiveCfg = Debug|Any CPU
		{9C37913F-D943-474F-A485-12F78A1768E2}.Debug|ARM.Build.0 = Debug|Any CPU
		{9C37913F-D943-474F-A485-12F78A1768E2}.Debug|ARM.Deploy.0 = Debug|Any CPU
		{9C37913F-D943-474F-A485-12F78A1768E2}.Debug|iPhone.ActiveCfg = Debug|Any CPU
		{9C37913F-D943-474F-A485-12F78A1768E2}.Debug|iPhone.Build.0 = Debug|Any CPU
		{9C37913F-D943-474F-A485-12F78A1768E2}.Debug|iPhone.Deploy.0 = Debug|Any CPU
		{9C37913F-D943-474F-A485-12F78A1768E2}.Debug|iPhoneSimulator.ActiveCfg = Debug|Any CPU
		{9C37913F-D943-474F-A485-12F78A1768E2}.Debug|iPhoneSimulator.Build.0 = Debug|Any CPU
		{9C37913F-D943-474F-A485-12F78A1768E2}.Debug|iPhoneSimulator.Deploy.0 = Debug|Any CPU
		{9C37913F-D943-474F-A485-12F78A1768E2}.Debug|x64.ActiveCfg = Debug|Any CPU
		{9C37913F-D943-474F-A485-12F78A1768E2}.Debug|x64.Build.0 = Debug|Any CPU
		{9C37913F-D943-474F-A485-12F78A1768E2}.Debug|x64.Deploy.0 = Debug|Any CPU
		{9C37913F-D943-474F-A485-12F78A1768E2}.Debug|x86.ActiveCfg = Debug|Any CPU
		{9C37913F-D943-474F-A485-12F78A1768E2}.Debug|x86.Build.0 = Debug|Any CPU
		{9C37913F-D943-474F-A485-12F78A1768E2}.Debug|x86.Deploy.0 = Debug|Any CPU
		{9C37913F-D943-474F-A485-12F78A1768E2}.Release|Any CPU.ActiveCfg = Release|Any CPU
		{9C37913F-D943-474F-A485-12F78A1768E2}.Release|Any CPU.Build.0 = Release|Any CPU
		{9C37913F-D943-474F-A485-12F78A1768E2}.Release|Any CPU.Deploy.0 = Release|Any CPU
		{9C37913F-D943-474F-A485-12F78A1768E2}.Release|ARM.ActiveCfg = Release|Any CPU
		{9C37913F-D943-474F-A485-12F78A1768E2}.Release|ARM.Build.0 = Release|Any CPU
		{9C37913F-D943-474F-A485-12F78A1768E2}.Release|ARM.Deploy.0 = Release|Any CPU
		{9C37913F-D943-474F-A485-12F78A1768E2}.Release|iPhone.ActiveCfg = Release|Any CPU
		{9C37913F-D943-474F-A485-12F78A1768E2}.Release|iPhone.Build.0 = Release|Any CPU
		{9C37913F-D943-474F-A485-12F78A1768E2}.Release|iPhone.Deploy.0 = Release|Any CPU
		{9C37913F-D943-474F-A485-12F78A1768E2}.Release|iPhoneSimulator.ActiveCfg = Release|Any CPU
		{9C37913F-D943-474F-A485-12F78A1768E2}.Release|iPhoneSimulator.Build.0 = Release|Any CPU
		{9C37913F-D943-474F-A485-12F78A1768E2}.Release|iPhoneSimulator.Deploy.0 = Release|Any CPU
		{9C37913F-D943-474F-A485-12F78A1768E2}.Release|x64.ActiveCfg = Release|Any CPU
		{9C37913F-D943-474F-A485-12F78A1768E2}.Release|x64.Build.0 = Release|Any CPU
		{9C37913F-D943-474F-A485-12F78A1768E2}.Release|x64.Deploy.0 = Release|Any CPU
		{9C37913F-D943-474F-A485-12F78A1768E2}.Release|x86.ActiveCfg = Release|Any CPU
		{9C37913F-D943-474F-A485-12F78A1768E2}.Release|x86.Build.0 = Release|Any CPU
		{9C37913F-D943-474F-A485-12F78A1768E2}.Release|x86.Deploy.0 = Release|Any CPU
		{A3961351-96A9-4CB5-ACCC-F885220100CC}.Debug|Any CPU.ActiveCfg = Debug|iPhoneSimulator
		{A3961351-96A9-4CB5-ACCC-F885220100CC}.Debug|ARM.ActiveCfg = Debug|iPhoneSimulator
		{A3961351-96A9-4CB5-ACCC-F885220100CC}.Debug|iPhone.ActiveCfg = Debug|iPhone
		{A3961351-96A9-4CB5-ACCC-F885220100CC}.Debug|iPhone.Build.0 = Debug|iPhone
		{A3961351-96A9-4CB5-ACCC-F885220100CC}.Debug|iPhoneSimulator.ActiveCfg = Debug|iPhoneSimulator
		{A3961351-96A9-4CB5-ACCC-F885220100CC}.Debug|iPhoneSimulator.Build.0 = Debug|iPhoneSimulator
		{A3961351-96A9-4CB5-ACCC-F885220100CC}.Debug|x64.ActiveCfg = Debug|iPhoneSimulator
		{A3961351-96A9-4CB5-ACCC-F885220100CC}.Debug|x86.ActiveCfg = Debug|iPhoneSimulator
		{A3961351-96A9-4CB5-ACCC-F885220100CC}.Release|Any CPU.ActiveCfg = Release|iPhoneSimulator
		{A3961351-96A9-4CB5-ACCC-F885220100CC}.Release|ARM.ActiveCfg = Release|iPhoneSimulator
		{A3961351-96A9-4CB5-ACCC-F885220100CC}.Release|iPhone.ActiveCfg = Release|iPhone
		{A3961351-96A9-4CB5-ACCC-F885220100CC}.Release|iPhone.Build.0 = Release|iPhone
		{A3961351-96A9-4CB5-ACCC-F885220100CC}.Release|iPhoneSimulator.ActiveCfg = Release|iPhoneSimulator
		{A3961351-96A9-4CB5-ACCC-F885220100CC}.Release|iPhoneSimulator.Build.0 = Release|iPhoneSimulator
		{A3961351-96A9-4CB5-ACCC-F885220100CC}.Release|x64.ActiveCfg = Release|iPhoneSimulator
		{A3961351-96A9-4CB5-ACCC-F885220100CC}.Release|x86.ActiveCfg = Release|iPhoneSimulator
		{401AB282-7B17-48BC-B79A-6A4D9A379F88}.Debug|Any CPU.ActiveCfg = Debug|Any CPU
		{401AB282-7B17-48BC-B79A-6A4D9A379F88}.Debug|Any CPU.Build.0 = Debug|Any CPU
		{401AB282-7B17-48BC-B79A-6A4D9A379F88}.Debug|ARM.ActiveCfg = Debug|Any CPU
		{401AB282-7B17-48BC-B79A-6A4D9A379F88}.Debug|ARM.Build.0 = Debug|Any CPU
		{401AB282-7B17-48BC-B79A-6A4D9A379F88}.Debug|iPhone.ActiveCfg = Debug|Any CPU
		{401AB282-7B17-48BC-B79A-6A4D9A379F88}.Debug|iPhone.Build.0 = Debug|Any CPU
		{401AB282-7B17-48BC-B79A-6A4D9A379F88}.Debug|iPhoneSimulator.ActiveCfg = Debug|Any CPU
		{401AB282-7B17-48BC-B79A-6A4D9A379F88}.Debug|iPhoneSimulator.Build.0 = Debug|Any CPU
		{401AB282-7B17-48BC-B79A-6A4D9A379F88}.Debug|x64.ActiveCfg = Debug|Any CPU
		{401AB282-7B17-48BC-B79A-6A4D9A379F88}.Debug|x64.Build.0 = Debug|Any CPU
		{401AB282-7B17-48BC-B79A-6A4D9A379F88}.Debug|x86.ActiveCfg = Debug|Any CPU
		{401AB282-7B17-48BC-B79A-6A4D9A379F88}.Debug|x86.Build.0 = Debug|Any CPU
		{401AB282-7B17-48BC-B79A-6A4D9A379F88}.Release|Any CPU.ActiveCfg = Release|Any CPU
		{401AB282-7B17-48BC-B79A-6A4D9A379F88}.Release|Any CPU.Build.0 = Release|Any CPU
		{401AB282-7B17-48BC-B79A-6A4D9A379F88}.Release|ARM.ActiveCfg = Release|Any CPU
		{401AB282-7B17-48BC-B79A-6A4D9A379F88}.Release|ARM.Build.0 = Release|Any CPU
		{401AB282-7B17-48BC-B79A-6A4D9A379F88}.Release|iPhone.ActiveCfg = Release|Any CPU
		{401AB282-7B17-48BC-B79A-6A4D9A379F88}.Release|iPhone.Build.0 = Release|Any CPU
		{401AB282-7B17-48BC-B79A-6A4D9A379F88}.Release|iPhoneSimulator.ActiveCfg = Release|Any CPU
		{401AB282-7B17-48BC-B79A-6A4D9A379F88}.Release|iPhoneSimulator.Build.0 = Release|Any CPU
		{401AB282-7B17-48BC-B79A-6A4D9A379F88}.Release|x64.ActiveCfg = Release|Any CPU
		{401AB282-7B17-48BC-B79A-6A4D9A379F88}.Release|x64.Build.0 = Release|Any CPU
		{401AB282-7B17-48BC-B79A-6A4D9A379F88}.Release|x86.ActiveCfg = Release|Any CPU
		{401AB282-7B17-48BC-B79A-6A4D9A379F88}.Release|x86.Build.0 = Release|Any CPU
		{21145761-C9B7-4BA5-8252-8BA92E4C3CC8}.Debug|Any CPU.ActiveCfg = Debug|Any CPU
		{21145761-C9B7-4BA5-8252-8BA92E4C3CC8}.Debug|Any CPU.Build.0 = Debug|Any CPU
		{21145761-C9B7-4BA5-8252-8BA92E4C3CC8}.Debug|ARM.ActiveCfg = Debug|Any CPU
		{21145761-C9B7-4BA5-8252-8BA92E4C3CC8}.Debug|ARM.Build.0 = Debug|Any CPU
		{21145761-C9B7-4BA5-8252-8BA92E4C3CC8}.Debug|iPhone.ActiveCfg = Debug|Any CPU
		{21145761-C9B7-4BA5-8252-8BA92E4C3CC8}.Debug|iPhone.Build.0 = Debug|Any CPU
		{21145761-C9B7-4BA5-8252-8BA92E4C3CC8}.Debug|iPhoneSimulator.ActiveCfg = Debug|Any CPU
		{21145761-C9B7-4BA5-8252-8BA92E4C3CC8}.Debug|iPhoneSimulator.Build.0 = Debug|Any CPU
		{21145761-C9B7-4BA5-8252-8BA92E4C3CC8}.Debug|x64.ActiveCfg = Debug|Any CPU
		{21145761-C9B7-4BA5-8252-8BA92E4C3CC8}.Debug|x64.Build.0 = Debug|Any CPU
		{21145761-C9B7-4BA5-8252-8BA92E4C3CC8}.Debug|x86.ActiveCfg = Debug|Any CPU
		{21145761-C9B7-4BA5-8252-8BA92E4C3CC8}.Debug|x86.Build.0 = Debug|Any CPU
		{21145761-C9B7-4BA5-8252-8BA92E4C3CC8}.Release|Any CPU.ActiveCfg = Release|Any CPU
		{21145761-C9B7-4BA5-8252-8BA92E4C3CC8}.Release|Any CPU.Build.0 = Release|Any CPU
		{21145761-C9B7-4BA5-8252-8BA92E4C3CC8}.Release|ARM.ActiveCfg = Release|Any CPU
		{21145761-C9B7-4BA5-8252-8BA92E4C3CC8}.Release|ARM.Build.0 = Release|Any CPU
		{21145761-C9B7-4BA5-8252-8BA92E4C3CC8}.Release|iPhone.ActiveCfg = Release|Any CPU
		{21145761-C9B7-4BA5-8252-8BA92E4C3CC8}.Release|iPhone.Build.0 = Release|Any CPU
		{21145761-C9B7-4BA5-8252-8BA92E4C3CC8}.Release|iPhoneSimulator.ActiveCfg = Release|Any CPU
		{21145761-C9B7-4BA5-8252-8BA92E4C3CC8}.Release|iPhoneSimulator.Build.0 = Release|Any CPU
		{21145761-C9B7-4BA5-8252-8BA92E4C3CC8}.Release|x64.ActiveCfg = Release|Any CPU
		{21145761-C9B7-4BA5-8252-8BA92E4C3CC8}.Release|x64.Build.0 = Release|Any CPU
		{21145761-C9B7-4BA5-8252-8BA92E4C3CC8}.Release|x86.ActiveCfg = Release|Any CPU
		{21145761-C9B7-4BA5-8252-8BA92E4C3CC8}.Release|x86.Build.0 = Release|Any CPU
	EndGlobalSection
	GlobalSection(SolutionProperties) = preSolution
		HideSolutionNode = FALSE
	EndGlobalSection
	GlobalSection(NestedProjects) = preSolution
		{7BF119ED-4293-4B71-84CC-B4588C5D0C3F} = {66EF2D22-21F5-4E1C-8C64-9A4E7F22ECBB}
		{9C37913F-D943-474F-A485-12F78A1768E2} = {66EF2D22-21F5-4E1C-8C64-9A4E7F22ECBB}
		{A3961351-96A9-4CB5-ACCC-F885220100CC} = {66EF2D22-21F5-4E1C-8C64-9A4E7F22ECBB}
		{401AB282-7B17-48BC-B79A-6A4D9A379F88} = {66EF2D22-21F5-4E1C-8C64-9A4E7F22ECBB}
	EndGlobalSection
	GlobalSection(ExtensibilityGlobals) = postSolution
		SolutionGuid = {49FAF2EF-E16C-4D31-BB8B-D7B4A0EF09E7}
	EndGlobalSection
EndGlobal
